
Microsoft Visual Studio Solution File, Format Version 12.00
# Visual Studio Version 17
VisualStudioVersion = 17.4.33110.190
MinimumVisualStudioVersion = 10.0.40219.1
Project("{FAE04EC0-301F-11D3-BF4B-00C04F79EFBC}") = "5_permutasyon_sifreleme", "5_permutasyon_sifreleme\5_permutasyon_sifreleme.csproj", "{512F5A8E-1C84-443A-B1B8-EE97FE9FCA45}"
EndProject
Global
	GlobalSection(SolutionConfigurationPlatforms) = preSolution
		Debug|Any CPU = Debug|Any CPU
		Release|Any CPU = Release|Any CPU
	EndGlobalSection
	GlobalSection(ProjectConfigurationPlatforms) = postSolution
		{512F5A8E-1C84-443A-B1B8-EE97FE9FCA45}.Debug|Any CPU.ActiveCfg = Debug|Any CPU
		{512F5A8E-1C84-443A-B1B8-EE97FE9FCA45}.Debug|Any CPU.Build.0 = Debug|Any CPU
		{512F5A8E-1C84-443A-B1B8-EE97FE9FCA45}.Release|Any CPU.ActiveCfg = Release|Any CPU
		{512F5A8E-1C84-443A-B1B8-EE97FE9FCA45}.Release|Any CPU.Build.0 = Release|Any CPU
	EndGlobalSection
	GlobalSection(SolutionProperties) = preSolution
		HideSolutionNode = FALSE
	EndGlobalSection
	GlobalSection(ExtensibilityGlobals) = postSolution
		SolutionGuid = {69371701-F6E4-4A2A-B8A6-57FF361E17B9}
	EndGlobalSection
EndGlobal
