
Microsoft Visual Studio Solution File, Format Version 12.00
# Visual Studio Version 17
VisualStudioVersion = 17.4.33110.190
MinimumVisualStudioVersion = 10.0.40219.1
Project("{FAE04EC0-301F-11D3-BF4B-00C04F79EFBC}") = "hafta1_klasik_sifreleme", "hafta1_klasik_sifreleme\hafta1_klasik_sifreleme.csproj", "{0613750F-CB34-404A-B1E3-E27590420184}"
EndProject
Global
	GlobalSection(SolutionConfigurationPlatforms) = preSolution
		Debug|Any CPU = Debug|Any CPU
		Release|Any CPU = Release|Any CPU
	EndGlobalSection
	GlobalSection(ProjectConfigurationPlatforms) = postSolution
		{0613750F-CB34-404A-B1E3-E27590420184}.Debug|Any CPU.ActiveCfg = Debug|Any CPU
		{0613750F-CB34-404A-B1E3-E27590420184}.Debug|Any CPU.Build.0 = Debug|Any CPU
		{0613750F-CB34-404A-B1E3-E27590420184}.Release|Any CPU.ActiveCfg = Release|Any CPU
		{0613750F-CB34-404A-B1E3-E27590420184}.Release|Any CPU.Build.0 = Release|Any CPU
	EndGlobalSection
	GlobalSection(SolutionProperties) = preSolution
		HideSolutionNode = FALSE
	EndGlobalSection
	GlobalSection(ExtensibilityGlobals) = postSolution
		SolutionGuid = {64FB5391-4C54-4C63-870A-E19AFC00037A}
	EndGlobalSection
EndGlobal
